
Microsoft Visual Studio Solution File, Format Version 12.00
# Visual Studio Version 17
VisualStudioVersion = 17.8.34322.80
MinimumVisualStudioVersion = 10.0.40219.1
Project("{9A19103F-16F7-4668-BE54-9A1E7A4F7556}") = "Identity", "Identity\Identity.csproj", "{0ECD28F2-8A76-4930-92B0-83BF2ECE3629}"
EndProject
Project("{9A19103F-16F7-4668-BE54-9A1E7A4F7556}") = "UnitTestProject", "UnitTestProject\UnitTestProject.csproj", "{042EDE14-9104-4FB8-9A8E-56B95BC5AE13}"
EndProject
Global
	GlobalSection(SolutionConfigurationPlatforms) = preSolution
		Debug|Any CPU = Debug|Any CPU
		Release|Any CPU = Release|Any CPU
	EndGlobalSection
	GlobalSection(ProjectConfigurationPlatforms) = postSolution
		{0ECD28F2-8A76-4930-92B0-83BF2ECE3629}.Debug|Any CPU.ActiveCfg = Debug|Any CPU
		{0ECD28F2-8A76-4930-92B0-83BF2ECE3629}.Debug|Any CPU.Build.0 = Debug|Any CPU
		{0ECD28F2-8A76-4930-92B0-83BF2ECE3629}.Release|Any CPU.ActiveCfg = Release|Any CPU
		{0ECD28F2-8A76-4930-92B0-83BF2ECE3629}.Release|Any CPU.Build.0 = Release|Any CPU
		{042EDE14-9104-4FB8-9A8E-56B95BC5AE13}.Debug|Any CPU.ActiveCfg = Debug|Any CPU
		{042EDE14-9104-4FB8-9A8E-56B95BC5AE13}.Debug|Any CPU.Build.0 = Debug|Any CPU
		{042EDE14-9104-4FB8-9A8E-56B95BC5AE13}.Release|Any CPU.ActiveCfg = Release|Any CPU
		{042EDE14-9104-4FB8-9A8E-56B95BC5AE13}.Release|Any CPU.Build.0 = Release|Any CPU
	EndGlobalSection
	GlobalSection(SolutionProperties) = preSolution
		HideSolutionNode = FALSE
	EndGlobalSection
	GlobalSection(ExtensibilityGlobals) = postSolution
		SolutionGuid = {573FC6BA-E476-4449-80B5-6E39A1901D65}
	EndGlobalSection
EndGlobal
